
Microsoft Visual Studio Solution File, Format Version 12.00
# Visual Studio Version 16
VisualStudioVersion = 16.0.30523.141
MinimumVisualStudioVersion = 10.0.40219.1
Project("{FAE04EC0-301F-11D3-BF4B-00C04F79EFBC}") = "ExercicioAbstract", "ExercicioAbstract\ExercicioAbstract.csproj", "{CAF92847-25CA-4019-B24C-D9182F2F0EDF}"
EndProject
Global
	GlobalSection(SolutionConfigurationPlatforms) = preSolution
		Debug|Any CPU = Debug|Any CPU
		Release|Any CPU = Release|Any CPU
	EndGlobalSection
	GlobalSection(ProjectConfigurationPlatforms) = postSolution
		{CAF92847-25CA-4019-B24C-D9182F2F0EDF}.Debug|Any CPU.ActiveCfg = Debug|Any CPU
		{CAF92847-25CA-4019-B24C-D9182F2F0EDF}.Debug|Any CPU.Build.0 = Debug|Any CPU
		{CAF92847-25CA-4019-B24C-D9182F2F0EDF}.Release|Any CPU.ActiveCfg = Release|Any CPU
		{CAF92847-25CA-4019-B24C-D9182F2F0EDF}.Release|Any CPU.Build.0 = Release|Any CPU
	EndGlobalSection
	GlobalSection(SolutionProperties) = preSolution
		HideSolutionNode = FALSE
	EndGlobalSection
	GlobalSection(ExtensibilityGlobals) = postSolution
		SolutionGuid = {7B52778C-29D7-4698-88B5-8FF7A2AFB64A}
	EndGlobalSection
EndGlobal
