
Microsoft Visual Studio Solution File, Format Version 12.00
# Visual Studio Version 16
VisualStudioVersion = 16.0.30804.86
MinimumVisualStudioVersion = 10.0.40219.1
Project("{FAE04EC0-301F-11D3-BF4B-00C04F79EFBC}") = "RestrictionsGenerics", "RestrictionsGenerics\RestrictionsGenerics.csproj", "{5452EFA6-D13F-4E9B-9E32-1131A32581D1}"
EndProject
Global
	GlobalSection(SolutionConfigurationPlatforms) = preSolution
		Debug|Any CPU = Debug|Any CPU
		Release|Any CPU = Release|Any CPU
	EndGlobalSection
	GlobalSection(ProjectConfigurationPlatforms) = postSolution
		{5452EFA6-D13F-4E9B-9E32-1131A32581D1}.Debug|Any CPU.ActiveCfg = Debug|Any CPU
		{5452EFA6-D13F-4E9B-9E32-1131A32581D1}.Debug|Any CPU.Build.0 = Debug|Any CPU
		{5452EFA6-D13F-4E9B-9E32-1131A32581D1}.Release|Any CPU.ActiveCfg = Release|Any CPU
		{5452EFA6-D13F-4E9B-9E32-1131A32581D1}.Release|Any CPU.Build.0 = Release|Any CPU
	EndGlobalSection
	GlobalSection(SolutionProperties) = preSolution
		HideSolutionNode = FALSE
	EndGlobalSection
	GlobalSection(ExtensibilityGlobals) = postSolution
		SolutionGuid = {D5F5A3EA-936E-4E0D-912A-B90D62FC6B00}
	EndGlobalSection
EndGlobal
