
Microsoft Visual Studio Solution File, Format Version 12.00
# Visual Studio Version 16
VisualStudioVersion = 16.0.30517.126
MinimumVisualStudioVersion = 10.0.40219.1
Project("{FAE04EC0-301F-11D3-BF4B-00C04F79EFBC}") = "Abstratas", "Abstratas\Abstratas.csproj", "{3892031B-06A6-4632-8965-5383E6345714}"
EndProject
Global
	GlobalSection(SolutionConfigurationPlatforms) = preSolution
		Debug|Any CPU = Debug|Any CPU
		Release|Any CPU = Release|Any CPU
	EndGlobalSection
	GlobalSection(ProjectConfigurationPlatforms) = postSolution
		{3892031B-06A6-4632-8965-5383E6345714}.Debug|Any CPU.ActiveCfg = Debug|Any CPU
		{3892031B-06A6-4632-8965-5383E6345714}.Debug|Any CPU.Build.0 = Debug|Any CPU
		{3892031B-06A6-4632-8965-5383E6345714}.Release|Any CPU.ActiveCfg = Release|Any CPU
		{3892031B-06A6-4632-8965-5383E6345714}.Release|Any CPU.Build.0 = Release|Any CPU
	EndGlobalSection
	GlobalSection(SolutionProperties) = preSolution
		HideSolutionNode = FALSE
	EndGlobalSection
	GlobalSection(ExtensibilityGlobals) = postSolution
		SolutionGuid = {3769C56F-2F96-4CEC-AC53-F900E5C99994}
	EndGlobalSection
EndGlobal
