
Microsoft Visual Studio Solution File, Format Version 12.00
# Visual Studio Version 16
VisualStudioVersion = 16.0.30804.86
MinimumVisualStudioVersion = 10.0.40219.1
Project("{FAE04EC0-301F-11D3-BF4B-00C04F79EFBC}") = "Generics", "Generics\Generics.csproj", "{98DB7F02-99CB-4BFC-AA30-CA1A0C819FED}"
EndProject
Global
	GlobalSection(SolutionConfigurationPlatforms) = preSolution
		Debug|Any CPU = Debug|Any CPU
		Release|Any CPU = Release|Any CPU
	EndGlobalSection
	GlobalSection(ProjectConfigurationPlatforms) = postSolution
		{98DB7F02-99CB-4BFC-AA30-CA1A0C819FED}.Debug|Any CPU.ActiveCfg = Debug|Any CPU
		{98DB7F02-99CB-4BFC-AA30-CA1A0C819FED}.Debug|Any CPU.Build.0 = Debug|Any CPU
		{98DB7F02-99CB-4BFC-AA30-CA1A0C819FED}.Release|Any CPU.ActiveCfg = Release|Any CPU
		{98DB7F02-99CB-4BFC-AA30-CA1A0C819FED}.Release|Any CPU.Build.0 = Release|Any CPU
	EndGlobalSection
	GlobalSection(SolutionProperties) = preSolution
		HideSolutionNode = FALSE
	EndGlobalSection
	GlobalSection(ExtensibilityGlobals) = postSolution
		SolutionGuid = {D43B7656-E476-4AF9-A8C1-5DDF04945B50}
	EndGlobalSection
EndGlobal
